<?xml version="1.0" encoding="utf-8"?>
<Project ToolsVersion="4.0" xmlns="http://schemas.microsoft.com/developer/msbuild/2003">
  <ItemGroup>
    <Filter Include="Source Files">
      <UniqueIdentifier>{4FC737F1-C7A5-4376-A066-2A32D752A2FF}</UniqueIdentifier>
      <Extensions>cpp;c;cc;cxx;c++;def;odl;idl;hpj;bat;asm;asmx</Extensions>
    </Filter>
    <Filter Include="Header Files">
      <UniqueIdentifier>{93995380-89BD-4b04-88EB-625FBE52EBFB}</UniqueIdentifier>
      <Extensions>h;hh;hpp;hxx;h++;hm;inl;inc;ipp;xsd</Extensions>
    </Filter>
    <Filter Include="Resource Files">
      <UniqueIdentifier>{67DA6AB6-F800-4c08-8B7A-83BB121AAD01}</UniqueIdentifier>
      <Extensions>rc;ico;cur;bmp;dlg;rc2;rct;bin;rgs;gif;jpg;jpeg;jpe;resx;tiff;tif;png;wav;mfcribbon-ms</Extensions>
    </Filter>
  </ItemGroup>
  <ItemGroup>
    <ClCompile Include="CBomb.cpp">
      <Filter>Source Files</Filter>
    </ClCompile>
    <ClCompile Include="CConfigurationData.cpp">
      <Filter>Source Files</Filter>
    </ClCompile>
    <ClCompile Include="CControllerConfigMenu.cpp">
      <Filter>Source Files</Filter>
    </ClCompile>
    <ClCompile Include="CControllerMainMenu.cpp">
      <Filter>Source Files</Filter>
    </ClCompile>
    <ClCompile Include="CControllerPlayingScreen.cpp">
      <Filter>Source Files</Filter>
    </ClCompile>
    <ClCompile Include="CEntity.cpp">
      <Filter>Source Files</Filter>
    </ClCompile>
    <ClCompile Include="CLife.cpp">
      <Filter>Source Files</Filter>
    </ClCompile>
    <ClCompile Include="CModel.cpp">
      <Filter>Source Files</Filter>
    </ClCompile>
    <ClCompile Include="CMonster.cpp">
      <Filter>Source Files</Filter>
    </ClCompile>
    <ClCompile Include="COrbitron.cpp">
      <Filter>Source Files</Filter>
    </ClCompile>
    <ClCompile Include="CRocket.cpp">
      <Filter>Source Files</Filter>
    </ClCompile>
    <ClCompile Include="CRocketRight.cpp">
      <Filter>Source Files</Filter>
    </ClCompile>
    <ClCompile Include="CTimer.cpp">
      <Filter>Source Files</Filter>
    </ClCompile>
    <ClCompile Include="CViewConfigMenu.cpp">
      <Filter>Source Files</Filter>
    </ClCompile>
    <ClCompile Include="CViewMainMenu.cpp">
      <Filter>Source Files</Filter>
    </ClCompile>
    <ClCompile Include="CViewPlayingScreen.cpp">
      <Filter>Source Files</Filter>
    </ClCompile>
    <ClCompile Include="main.cpp">
      <Filter>Source Files</Filter>
    </ClCompile>
    <ClCompile Include="CStateMainMenu.cpp">
      <Filter>Source Files</Filter>
    </ClCompile>
    <ClCompile Include="CStateConfigMenu.cpp">
      <Filter>Source Files</Filter>
    </ClCompile>
    <ClCompile Include="CStatePlayingScreen.cpp">
      <Filter>Source Files</Filter>
    </ClCompile>
    <ClCompile Include="CGame.cpp">
      <Filter>Source Files</Filter>
    </ClCompile>
    <ClCompile Include="velocity_calculations.cpp">
      <Filter>Source Files</Filter>
    </ClCompile>
  </ItemGroup>
  <ItemGroup>
    <ClInclude Include="CBomb.h">
      <Filter>Header Files</Filter>
    </ClInclude>
    <ClInclude Include="CConfigurationData.h">
      <Filter>Header Files</Filter>
    </ClInclude>
    <ClInclude Include="CController.h">
      <Filter>Header Files</Filter>
    </ClInclude>
    <ClInclude Include="CControllerConfigMenu.h">
      <Filter>Header Files</Filter>
    </ClInclude>
    <ClInclude Include="CControllerMainMenu.h">
      <Filter>Header Files</Filter>
    </ClInclude>
    <ClInclude Include="CControllerPlayingScreen.h">
      <Filter>Header Files</Filter>
    </ClInclude>
    <ClInclude Include="CEntity.h">
      <Filter>Header Files</Filter>
    </ClInclude>
    <ClInclude Include="CLife.h">
      <Filter>Header Files</Filter>
    </ClInclude>
    <ClInclude Include="CModel.h">
      <Filter>Header Files</Filter>
    </ClInclude>
    <ClInclude Include="CMonster.h">
      <Filter>Header Files</Filter>
    </ClInclude>
    <ClInclude Include="COrbitron.h">
      <Filter>Header Files</Filter>
    </ClInclude>
    <ClInclude Include="CRocket.h">
      <Filter>Header Files</Filter>
    </ClInclude>
    <ClInclude Include="CRocketRight.h">
      <Filter>Header Files</Filter>
    </ClInclude>
    <ClInclude Include="CTimer.h">
      <Filter>Header Files</Filter>
    </ClInclude>
    <ClInclude Include="CView.h">
      <Filter>Header Files</Filter>
    </ClInclude>
    <ClInclude Include="CViewConfigMenu.h">
      <Filter>Header Files</Filter>
    </ClInclude>
    <ClInclude Include="CViewMainMenu.h">
      <Filter>Header Files</Filter>
    </ClInclude>
    <ClInclude Include="CViewPlayingScreen.h">
      <Filter>Header Files</Filter>
    </ClInclude>
    <ClInclude Include="type_definitions.h">
      <Filter>Header Files</Filter>
    </ClInclude>
    <ClInclude Include="CState.h">
      <Filter>Header Files</Filter>
    </ClInclude>
    <ClInclude Include="CStateMainMenu.h">
      <Filter>Header Files</Filter>
    </ClInclude>
    <ClInclude Include="CStateConfigMenu.h">
      <Filter>Header Files</Filter>
    </ClInclude>
    <ClInclude Include="CStatePlayingScreen.h">
      <Filter>Header Files</Filter>
    </ClInclude>
    <ClInclude Include="CGame.h">
      <Filter>Header Files</Filter>
    </ClInclude>
    <ClInclude Include="velocity_calculations.h">
      <Filter>Header Files</Filter>
    </ClInclude>
  </ItemGroup>
</Project>